
Microsoft Visual Studio Solution File, Format Version 12.00
# Visual Studio Version 17
VisualStudioVersion = 17.10.35122.118
MinimumVisualStudioVersion = 10.0.40219.1
Project("{FAE04EC0-301F-11D3-BF4B-00C04F79EFBC}") = "Practice", "Practice.csproj", "{CE6B26BA-11CD-42D5-98FD-D41172791955}"
EndProject
Global
	GlobalSection(SolutionConfigurationPlatforms) = preSolution
		Debug|Any CPU = Debug|Any CPU
		Release|Any CPU = Release|Any CPU
	EndGlobalSection
	GlobalSection(ProjectConfigurationPlatforms) = postSolution
		{CE6B26BA-11CD-42D5-98FD-D41172791955}.Debug|Any CPU.ActiveCfg = Debug|Any CPU
		{CE6B26BA-11CD-42D5-98FD-D41172791955}.Debug|Any CPU.Build.0 = Debug|Any CPU
		{CE6B26BA-11CD-42D5-98FD-D41172791955}.Release|Any CPU.ActiveCfg = Release|Any CPU
		{CE6B26BA-11CD-42D5-98FD-D41172791955}.Release|Any CPU.Build.0 = Release|Any CPU
	EndGlobalSection
	GlobalSection(SolutionProperties) = preSolution
		HideSolutionNode = FALSE
	EndGlobalSection
	GlobalSection(ExtensibilityGlobals) = postSolution
		SolutionGuid = {49518C63-9667-4C61-A39C-E86777ED8241}
	EndGlobalSection
EndGlobal
